
Microsoft Visual Studio Solution File, Format Version 12.00
# Visual Studio Version 16
VisualStudioVersion = 16.0.30709.132
MinimumVisualStudioVersion = 10.0.40219.1
Project("{2150E333-8FDC-42A3-9474-1A3956D46DE8}") = "Solution Items", "Solution Items", "{A3A49CB2-5410-4864-AE47-B4EFFF688C85}"
	ProjectSection(SolutionItems) = preProject
		.editorconfig = .editorconfig
		.gitignore = .gitignore
		ClcPlusRetransformer.sln.DotSettings = ClcPlusRetransformer.sln.DotSettings
		Directory.Build.props = Directory.Build.props
		Directory.Build.targets = Directory.Build.targets
		README.md = README.md
		stylecop.json = stylecop.json
	EndProjectSection
EndProject
Project("{2150E333-8FDC-42A3-9474-1A3956D46DE8}") = "src", "src", "{0955CF60-B4B8-45FB-B7F3-4D56ED30E140}"
EndProject
Project("{9A19103F-16F7-4668-BE54-9A1E7A4F7556}") = "ClcPlusRetransformer.Cli", "src\ClcPlusRetransformer.Cli\ClcPlusRetransformer.Cli.csproj", "{5FD47C30-91D9-4742-89CC-97394916B1ED}"
EndProject
Project("{9A19103F-16F7-4668-BE54-9A1E7A4F7556}") = "ClcPlusRetransformer.Core", "src\ClcPlusRetransformer.Core\ClcPlusRetransformer.Core.csproj", "{4D11773F-9DDF-4FFB-BAB8-97AE9ECD4A07}"
EndProject
Project("{9A19103F-16F7-4668-BE54-9A1E7A4F7556}") = "Geopackage", "src\Geopackage\Geopackage.csproj", "{138EC814-0E88-451F-B784-922B58F7C785}"
EndProject
Global
	GlobalSection(SolutionConfigurationPlatforms) = preSolution
		Debug|Any CPU = Debug|Any CPU
		Release|Any CPU = Release|Any CPU
	EndGlobalSection
	GlobalSection(ProjectConfigurationPlatforms) = postSolution
		{5FD47C30-91D9-4742-89CC-97394916B1ED}.Debug|Any CPU.ActiveCfg = Debug|Any CPU
		{5FD47C30-91D9-4742-89CC-97394916B1ED}.Debug|Any CPU.Build.0 = Debug|Any CPU
		{5FD47C30-91D9-4742-89CC-97394916B1ED}.Release|Any CPU.ActiveCfg = Release|Any CPU
		{5FD47C30-91D9-4742-89CC-97394916B1ED}.Release|Any CPU.Build.0 = Release|Any CPU
		{4D11773F-9DDF-4FFB-BAB8-97AE9ECD4A07}.Debug|Any CPU.ActiveCfg = Debug|Any CPU
		{4D11773F-9DDF-4FFB-BAB8-97AE9ECD4A07}.Debug|Any CPU.Build.0 = Debug|Any CPU
		{4D11773F-9DDF-4FFB-BAB8-97AE9ECD4A07}.Release|Any CPU.ActiveCfg = Release|Any CPU
		{4D11773F-9DDF-4FFB-BAB8-97AE9ECD4A07}.Release|Any CPU.Build.0 = Release|Any CPU
		{138EC814-0E88-451F-B784-922B58F7C785}.Debug|Any CPU.ActiveCfg = Debug|Any CPU
		{138EC814-0E88-451F-B784-922B58F7C785}.Debug|Any CPU.Build.0 = Debug|Any CPU
		{138EC814-0E88-451F-B784-922B58F7C785}.Release|Any CPU.ActiveCfg = Release|Any CPU
		{138EC814-0E88-451F-B784-922B58F7C785}.Release|Any CPU.Build.0 = Release|Any CPU
	EndGlobalSection
	GlobalSection(SolutionProperties) = preSolution
		HideSolutionNode = FALSE
	EndGlobalSection
	GlobalSection(NestedProjects) = preSolution
		{5FD47C30-91D9-4742-89CC-97394916B1ED} = {0955CF60-B4B8-45FB-B7F3-4D56ED30E140}
		{4D11773F-9DDF-4FFB-BAB8-97AE9ECD4A07} = {0955CF60-B4B8-45FB-B7F3-4D56ED30E140}
		{138EC814-0E88-451F-B784-922B58F7C785} = {0955CF60-B4B8-45FB-B7F3-4D56ED30E140}
	EndGlobalSection
	GlobalSection(ExtensibilityGlobals) = postSolution
		SolutionGuid = {4abd6e43-79aa-4a06-8743-03c19ce0b5b0}
	EndGlobalSection
EndGlobal
